
Microsoft Visual Studio Solution File, Format Version 12.00
# Visual Studio 15
VisualStudioVersion = 15.0.28307.421
MinimumVisualStudioVersion = 10.0.40219.1
Project("{FAE04EC0-301F-11D3-BF4B-00C04F79EFBC}") = "hw-1.1", "hw-1.1.csproj", "{78451F64-30BE-4DA6-9E0D-76CA2A763E18}"
EndProject
Global
	GlobalSection(SolutionConfigurationPlatforms) = preSolution
		Debug|Any CPU = Debug|Any CPU
		Release|Any CPU = Release|Any CPU
	EndGlobalSection
	GlobalSection(ProjectConfigurationPlatforms) = postSolution
		{78451F64-30BE-4DA6-9E0D-76CA2A763E18}.Debug|Any CPU.ActiveCfg = Debug|Any CPU
		{78451F64-30BE-4DA6-9E0D-76CA2A763E18}.Debug|Any CPU.Build.0 = Debug|Any CPU
		{78451F64-30BE-4DA6-9E0D-76CA2A763E18}.Release|Any CPU.ActiveCfg = Release|Any CPU
		{78451F64-30BE-4DA6-9E0D-76CA2A763E18}.Release|Any CPU.Build.0 = Release|Any CPU
	EndGlobalSection
	GlobalSection(SolutionProperties) = preSolution
		HideSolutionNode = FALSE
	EndGlobalSection
	GlobalSection(ExtensibilityGlobals) = postSolution
		SolutionGuid = {FBDAB0EC-7259-4E11-B195-73C5B13ABED6}
	EndGlobalSection
EndGlobal
