
Microsoft Visual Studio Solution File, Format Version 12.00
# Visual Studio Version 16
VisualStudioVersion = 16.0.29613.14
MinimumVisualStudioVersion = 10.0.40219.1
Project("{F2A71F9B-5D33-465A-A702-920D77279786}") = "Lazy", "Lazy.fsproj", "{7AEB24D8-5083-4762-9D2E-952C94C143C7}"
EndProject
Project("{F2A71F9B-5D33-465A-A702-920D77279786}") = "Lazy.Tests", "..\Lazy.Tests\Lazy.Tests.fsproj", "{0F563328-9DBE-4C2D-945D-430903083C36}"
EndProject
Global
	GlobalSection(SolutionConfigurationPlatforms) = preSolution
		Debug|Any CPU = Debug|Any CPU
		Release|Any CPU = Release|Any CPU
	EndGlobalSection
	GlobalSection(ProjectConfigurationPlatforms) = postSolution
		{7AEB24D8-5083-4762-9D2E-952C94C143C7}.Debug|Any CPU.ActiveCfg = Debug|Any CPU
		{7AEB24D8-5083-4762-9D2E-952C94C143C7}.Debug|Any CPU.Build.0 = Debug|Any CPU
		{7AEB24D8-5083-4762-9D2E-952C94C143C7}.Release|Any CPU.ActiveCfg = Release|Any CPU
		{7AEB24D8-5083-4762-9D2E-952C94C143C7}.Release|Any CPU.Build.0 = Release|Any CPU
		{0F563328-9DBE-4C2D-945D-430903083C36}.Debug|Any CPU.ActiveCfg = Debug|Any CPU
		{0F563328-9DBE-4C2D-945D-430903083C36}.Debug|Any CPU.Build.0 = Debug|Any CPU
		{0F563328-9DBE-4C2D-945D-430903083C36}.Release|Any CPU.ActiveCfg = Release|Any CPU
		{0F563328-9DBE-4C2D-945D-430903083C36}.Release|Any CPU.Build.0 = Release|Any CPU
	EndGlobalSection
	GlobalSection(SolutionProperties) = preSolution
		HideSolutionNode = FALSE
	EndGlobalSection
	GlobalSection(ExtensibilityGlobals) = postSolution
		SolutionGuid = {151352B8-F414-4681-861F-BBDD7B0B2242}
	EndGlobalSection
EndGlobal
