
Microsoft Visual Studio Solution File, Format Version 12.00
# Visual Studio Version 16
VisualStudioVersion = 16.0.29613.14
MinimumVisualStudioVersion = 10.0.40219.1
Project("{F2A71F9B-5D33-465A-A702-920D77279786}") = "Workflow", "Workflow.fsproj", "{2CC23280-9630-4B02-BF33-57B81248F27A}"
EndProject
Project("{F2A71F9B-5D33-465A-A702-920D77279786}") = "Workflow.Tests", "..\Workflows.Tests\Workflow.Tests.fsproj", "{6D371BB9-C177-4303-B5FA-568AD9879FDE}"
EndProject
Global
	GlobalSection(SolutionConfigurationPlatforms) = preSolution
		Debug|Any CPU = Debug|Any CPU
		Release|Any CPU = Release|Any CPU
	EndGlobalSection
	GlobalSection(ProjectConfigurationPlatforms) = postSolution
		{2CC23280-9630-4B02-BF33-57B81248F27A}.Debug|Any CPU.ActiveCfg = Debug|Any CPU
		{2CC23280-9630-4B02-BF33-57B81248F27A}.Debug|Any CPU.Build.0 = Debug|Any CPU
		{2CC23280-9630-4B02-BF33-57B81248F27A}.Release|Any CPU.ActiveCfg = Release|Any CPU
		{2CC23280-9630-4B02-BF33-57B81248F27A}.Release|Any CPU.Build.0 = Release|Any CPU
		{6D371BB9-C177-4303-B5FA-568AD9879FDE}.Debug|Any CPU.ActiveCfg = Debug|Any CPU
		{6D371BB9-C177-4303-B5FA-568AD9879FDE}.Debug|Any CPU.Build.0 = Debug|Any CPU
		{6D371BB9-C177-4303-B5FA-568AD9879FDE}.Release|Any CPU.ActiveCfg = Release|Any CPU
		{6D371BB9-C177-4303-B5FA-568AD9879FDE}.Release|Any CPU.Build.0 = Release|Any CPU
	EndGlobalSection
	GlobalSection(SolutionProperties) = preSolution
		HideSolutionNode = FALSE
	EndGlobalSection
	GlobalSection(ExtensibilityGlobals) = postSolution
		SolutionGuid = {097DD797-DE69-475E-9604-8E23699E22EF}
	EndGlobalSection
EndGlobal
