
Microsoft Visual Studio Solution File, Format Version 12.00
# Visual Studio Version 16
VisualStudioVersion = 16.0.29613.14
MinimumVisualStudioVersion = 10.0.40219.1
Project("{F2A71F9B-5D33-465A-A702-920D77279786}") = "Task3", "Task3.fsproj", "{1EA097B3-8D52-48B4-8722-22F33C52235A}"
EndProject
Project("{F2A71F9B-5D33-465A-A702-920D77279786}") = "Task3.Tests", "..\Task3.Tests\Task3.Tests.fsproj", "{D3A5175E-6592-4DB6-9C04-07F0B81B780D}"
EndProject
Global
	GlobalSection(SolutionConfigurationPlatforms) = preSolution
		Debug|Any CPU = Debug|Any CPU
		Release|Any CPU = Release|Any CPU
	EndGlobalSection
	GlobalSection(ProjectConfigurationPlatforms) = postSolution
		{1EA097B3-8D52-48B4-8722-22F33C52235A}.Debug|Any CPU.ActiveCfg = Debug|Any CPU
		{1EA097B3-8D52-48B4-8722-22F33C52235A}.Debug|Any CPU.Build.0 = Debug|Any CPU
		{1EA097B3-8D52-48B4-8722-22F33C52235A}.Release|Any CPU.ActiveCfg = Release|Any CPU
		{1EA097B3-8D52-48B4-8722-22F33C52235A}.Release|Any CPU.Build.0 = Release|Any CPU
		{D3A5175E-6592-4DB6-9C04-07F0B81B780D}.Debug|Any CPU.ActiveCfg = Debug|Any CPU
		{D3A5175E-6592-4DB6-9C04-07F0B81B780D}.Debug|Any CPU.Build.0 = Debug|Any CPU
		{D3A5175E-6592-4DB6-9C04-07F0B81B780D}.Release|Any CPU.ActiveCfg = Release|Any CPU
		{D3A5175E-6592-4DB6-9C04-07F0B81B780D}.Release|Any CPU.Build.0 = Release|Any CPU
	EndGlobalSection
	GlobalSection(SolutionProperties) = preSolution
		HideSolutionNode = FALSE
	EndGlobalSection
	GlobalSection(ExtensibilityGlobals) = postSolution
		SolutionGuid = {3E57B74E-3873-43E1-8F1C-D2670C08679B}
	EndGlobalSection
EndGlobal
