
Microsoft Visual Studio Solution File, Format Version 12.00
# Visual Studio 15
VisualStudioVersion = 15.0.28307.421
MinimumVisualStudioVersion = 10.0.40219.1
Project("{FAE04EC0-301F-11D3-BF4B-00C04F79EFBC}") = "hw-1.5", "hw-1.5.csproj", "{A9454EF4-066D-4275-AF75-1DE812C7912D}"
EndProject
Global
	GlobalSection(SolutionConfigurationPlatforms) = preSolution
		Debug|Any CPU = Debug|Any CPU
		Release|Any CPU = Release|Any CPU
	EndGlobalSection
	GlobalSection(ProjectConfigurationPlatforms) = postSolution
		{A9454EF4-066D-4275-AF75-1DE812C7912D}.Debug|Any CPU.ActiveCfg = Debug|Any CPU
		{A9454EF4-066D-4275-AF75-1DE812C7912D}.Debug|Any CPU.Build.0 = Debug|Any CPU
		{A9454EF4-066D-4275-AF75-1DE812C7912D}.Release|Any CPU.ActiveCfg = Release|Any CPU
		{A9454EF4-066D-4275-AF75-1DE812C7912D}.Release|Any CPU.Build.0 = Release|Any CPU
	EndGlobalSection
	GlobalSection(SolutionProperties) = preSolution
		HideSolutionNode = FALSE
	EndGlobalSection
	GlobalSection(ExtensibilityGlobals) = postSolution
		SolutionGuid = {97983BF1-2B6E-4D3B-BDCE-111F548A41D4}
	EndGlobalSection
EndGlobal
