
Microsoft Visual Studio Solution File, Format Version 12.00
# Visual Studio 15
VisualStudioVersion = 15.0.26124.0
MinimumVisualStudioVersion = 15.0.26124.0
Project("{FAE04EC0-301F-11D3-BF4B-00C04F79EFBC}") = "MyNUnit", "MyNUnit\MyNUnit.csproj", "{4B0B0932-67A7-4290-8330-FA735F2DD325}"
EndProject
Project("{FAE04EC0-301F-11D3-BF4B-00C04F79EFBC}") = "Tests", "MyNUnit-Tests\Tests.csproj", "{D9D84EAB-2C6A-4807-BDFC-D4E071078951}"
EndProject
Project("{2150E333-8FDC-42A3-9474-1A3956D46DE8}") = "MyTestProjects", "MyTestProjects", "{328FDB1B-0364-477F-9B8A-ADBC1E53C465}"
EndProject
Project("{FAE04EC0-301F-11D3-BF4B-00C04F79EFBC}") = "Project1", "MyTestProjects\Project1\Project1.csproj", "{3F975733-213B-40E6-B764-E87713AE4AC6}"
EndProject
Project("{FAE04EC0-301F-11D3-BF4B-00C04F79EFBC}") = "Project2", "MyTestProjects\Project2\Project2.csproj", "{9AE6AE45-F7DA-4B22-8682-1CCA24D6EA3A}"
EndProject
Project("{FAE04EC0-301F-11D3-BF4B-00C04F79EFBC}") = "Project3", "MyTestProjects\Project3\Project3.csproj", "{D10F5301-F83C-4287-B90F-E6553267ABDE}"
EndProject
Project("{FAE04EC0-301F-11D3-BF4B-00C04F79EFBC}") = "Project4", "MyTestProjects\Project4\Project4.csproj", "{A86E6867-9808-4D79-9BC6-C43926386061}"
EndProject
Project("{FAE04EC0-301F-11D3-BF4B-00C04F79EFBC}") = "Project5", "MyTestProjects\Project5\Project5.csproj", "{AABEA1DF-55E2-40B2-BD12-4D2DA0FFC1DB}"
EndProject
Global
	GlobalSection(SolutionConfigurationPlatforms) = preSolution
		Debug|Any CPU = Debug|Any CPU
		Debug|x64 = Debug|x64
		Debug|x86 = Debug|x86
		Release|Any CPU = Release|Any CPU
		Release|x64 = Release|x64
		Release|x86 = Release|x86
	EndGlobalSection
	GlobalSection(SolutionProperties) = preSolution
		HideSolutionNode = FALSE
	EndGlobalSection
	GlobalSection(ProjectConfigurationPlatforms) = postSolution
		{4B0B0932-67A7-4290-8330-FA735F2DD325}.Debug|Any CPU.ActiveCfg = Debug|Any CPU
		{4B0B0932-67A7-4290-8330-FA735F2DD325}.Debug|Any CPU.Build.0 = Debug|Any CPU
		{4B0B0932-67A7-4290-8330-FA735F2DD325}.Debug|x64.ActiveCfg = Debug|Any CPU
		{4B0B0932-67A7-4290-8330-FA735F2DD325}.Debug|x64.Build.0 = Debug|Any CPU
		{4B0B0932-67A7-4290-8330-FA735F2DD325}.Debug|x86.ActiveCfg = Debug|Any CPU
		{4B0B0932-67A7-4290-8330-FA735F2DD325}.Debug|x86.Build.0 = Debug|Any CPU
		{4B0B0932-67A7-4290-8330-FA735F2DD325}.Release|Any CPU.ActiveCfg = Release|Any CPU
		{4B0B0932-67A7-4290-8330-FA735F2DD325}.Release|Any CPU.Build.0 = Release|Any CPU
		{4B0B0932-67A7-4290-8330-FA735F2DD325}.Release|x64.ActiveCfg = Release|Any CPU
		{4B0B0932-67A7-4290-8330-FA735F2DD325}.Release|x64.Build.0 = Release|Any CPU
		{4B0B0932-67A7-4290-8330-FA735F2DD325}.Release|x86.ActiveCfg = Release|Any CPU
		{4B0B0932-67A7-4290-8330-FA735F2DD325}.Release|x86.Build.0 = Release|Any CPU
		{D9D84EAB-2C6A-4807-BDFC-D4E071078951}.Debug|Any CPU.ActiveCfg = Debug|Any CPU
		{D9D84EAB-2C6A-4807-BDFC-D4E071078951}.Debug|Any CPU.Build.0 = Debug|Any CPU
		{D9D84EAB-2C6A-4807-BDFC-D4E071078951}.Debug|x64.ActiveCfg = Debug|Any CPU
		{D9D84EAB-2C6A-4807-BDFC-D4E071078951}.Debug|x64.Build.0 = Debug|Any CPU
		{D9D84EAB-2C6A-4807-BDFC-D4E071078951}.Debug|x86.ActiveCfg = Debug|Any CPU
		{D9D84EAB-2C6A-4807-BDFC-D4E071078951}.Debug|x86.Build.0 = Debug|Any CPU
		{D9D84EAB-2C6A-4807-BDFC-D4E071078951}.Release|Any CPU.ActiveCfg = Release|Any CPU
		{D9D84EAB-2C6A-4807-BDFC-D4E071078951}.Release|Any CPU.Build.0 = Release|Any CPU
		{D9D84EAB-2C6A-4807-BDFC-D4E071078951}.Release|x64.ActiveCfg = Release|Any CPU
		{D9D84EAB-2C6A-4807-BDFC-D4E071078951}.Release|x64.Build.0 = Release|Any CPU
		{D9D84EAB-2C6A-4807-BDFC-D4E071078951}.Release|x86.ActiveCfg = Release|Any CPU
		{D9D84EAB-2C6A-4807-BDFC-D4E071078951}.Release|x86.Build.0 = Release|Any CPU
		{3F975733-213B-40E6-B764-E87713AE4AC6}.Debug|Any CPU.ActiveCfg = Debug|Any CPU
		{3F975733-213B-40E6-B764-E87713AE4AC6}.Debug|Any CPU.Build.0 = Debug|Any CPU
		{3F975733-213B-40E6-B764-E87713AE4AC6}.Debug|x64.ActiveCfg = Debug|Any CPU
		{3F975733-213B-40E6-B764-E87713AE4AC6}.Debug|x64.Build.0 = Debug|Any CPU
		{3F975733-213B-40E6-B764-E87713AE4AC6}.Debug|x86.ActiveCfg = Debug|Any CPU
		{3F975733-213B-40E6-B764-E87713AE4AC6}.Debug|x86.Build.0 = Debug|Any CPU
		{3F975733-213B-40E6-B764-E87713AE4AC6}.Release|Any CPU.ActiveCfg = Release|Any CPU
		{3F975733-213B-40E6-B764-E87713AE4AC6}.Release|Any CPU.Build.0 = Release|Any CPU
		{3F975733-213B-40E6-B764-E87713AE4AC6}.Release|x64.ActiveCfg = Release|Any CPU
		{3F975733-213B-40E6-B764-E87713AE4AC6}.Release|x64.Build.0 = Release|Any CPU
		{3F975733-213B-40E6-B764-E87713AE4AC6}.Release|x86.ActiveCfg = Release|Any CPU
		{3F975733-213B-40E6-B764-E87713AE4AC6}.Release|x86.Build.0 = Release|Any CPU
		{9AE6AE45-F7DA-4B22-8682-1CCA24D6EA3A}.Debug|Any CPU.ActiveCfg = Debug|Any CPU
		{9AE6AE45-F7DA-4B22-8682-1CCA24D6EA3A}.Debug|Any CPU.Build.0 = Debug|Any CPU
		{9AE6AE45-F7DA-4B22-8682-1CCA24D6EA3A}.Debug|x64.ActiveCfg = Debug|Any CPU
		{9AE6AE45-F7DA-4B22-8682-1CCA24D6EA3A}.Debug|x64.Build.0 = Debug|Any CPU
		{9AE6AE45-F7DA-4B22-8682-1CCA24D6EA3A}.Debug|x86.ActiveCfg = Debug|Any CPU
		{9AE6AE45-F7DA-4B22-8682-1CCA24D6EA3A}.Debug|x86.Build.0 = Debug|Any CPU
		{9AE6AE45-F7DA-4B22-8682-1CCA24D6EA3A}.Release|Any CPU.ActiveCfg = Release|Any CPU
		{9AE6AE45-F7DA-4B22-8682-1CCA24D6EA3A}.Release|Any CPU.Build.0 = Release|Any CPU
		{9AE6AE45-F7DA-4B22-8682-1CCA24D6EA3A}.Release|x64.ActiveCfg = Release|Any CPU
		{9AE6AE45-F7DA-4B22-8682-1CCA24D6EA3A}.Release|x64.Build.0 = Release|Any CPU
		{9AE6AE45-F7DA-4B22-8682-1CCA24D6EA3A}.Release|x86.ActiveCfg = Release|Any CPU
		{9AE6AE45-F7DA-4B22-8682-1CCA24D6EA3A}.Release|x86.Build.0 = Release|Any CPU
		{D10F5301-F83C-4287-B90F-E6553267ABDE}.Debug|Any CPU.ActiveCfg = Debug|Any CPU
		{D10F5301-F83C-4287-B90F-E6553267ABDE}.Debug|Any CPU.Build.0 = Debug|Any CPU
		{D10F5301-F83C-4287-B90F-E6553267ABDE}.Debug|x64.ActiveCfg = Debug|Any CPU
		{D10F5301-F83C-4287-B90F-E6553267ABDE}.Debug|x64.Build.0 = Debug|Any CPU
		{D10F5301-F83C-4287-B90F-E6553267ABDE}.Debug|x86.ActiveCfg = Debug|Any CPU
		{D10F5301-F83C-4287-B90F-E6553267ABDE}.Debug|x86.Build.0 = Debug|Any CPU
		{D10F5301-F83C-4287-B90F-E6553267ABDE}.Release|Any CPU.ActiveCfg = Release|Any CPU
		{D10F5301-F83C-4287-B90F-E6553267ABDE}.Release|Any CPU.Build.0 = Release|Any CPU
		{D10F5301-F83C-4287-B90F-E6553267ABDE}.Release|x64.ActiveCfg = Release|Any CPU
		{D10F5301-F83C-4287-B90F-E6553267ABDE}.Release|x64.Build.0 = Release|Any CPU
		{D10F5301-F83C-4287-B90F-E6553267ABDE}.Release|x86.ActiveCfg = Release|Any CPU
		{D10F5301-F83C-4287-B90F-E6553267ABDE}.Release|x86.Build.0 = Release|Any CPU
		{A86E6867-9808-4D79-9BC6-C43926386061}.Debug|Any CPU.ActiveCfg = Debug|Any CPU
		{A86E6867-9808-4D79-9BC6-C43926386061}.Debug|Any CPU.Build.0 = Debug|Any CPU
		{A86E6867-9808-4D79-9BC6-C43926386061}.Debug|x64.ActiveCfg = Debug|Any CPU
		{A86E6867-9808-4D79-9BC6-C43926386061}.Debug|x64.Build.0 = Debug|Any CPU
		{A86E6867-9808-4D79-9BC6-C43926386061}.Debug|x86.ActiveCfg = Debug|Any CPU
		{A86E6867-9808-4D79-9BC6-C43926386061}.Debug|x86.Build.0 = Debug|Any CPU
		{A86E6867-9808-4D79-9BC6-C43926386061}.Release|Any CPU.ActiveCfg = Release|Any CPU
		{A86E6867-9808-4D79-9BC6-C43926386061}.Release|Any CPU.Build.0 = Release|Any CPU
		{A86E6867-9808-4D79-9BC6-C43926386061}.Release|x64.ActiveCfg = Release|Any CPU
		{A86E6867-9808-4D79-9BC6-C43926386061}.Release|x64.Build.0 = Release|Any CPU
		{A86E6867-9808-4D79-9BC6-C43926386061}.Release|x86.ActiveCfg = Release|Any CPU
		{A86E6867-9808-4D79-9BC6-C43926386061}.Release|x86.Build.0 = Release|Any CPU
		{AABEA1DF-55E2-40B2-BD12-4D2DA0FFC1DB}.Debug|Any CPU.ActiveCfg = Debug|Any CPU
		{AABEA1DF-55E2-40B2-BD12-4D2DA0FFC1DB}.Debug|Any CPU.Build.0 = Debug|Any CPU
		{AABEA1DF-55E2-40B2-BD12-4D2DA0FFC1DB}.Debug|x64.ActiveCfg = Debug|Any CPU
		{AABEA1DF-55E2-40B2-BD12-4D2DA0FFC1DB}.Debug|x64.Build.0 = Debug|Any CPU
		{AABEA1DF-55E2-40B2-BD12-4D2DA0FFC1DB}.Debug|x86.ActiveCfg = Debug|Any CPU
		{AABEA1DF-55E2-40B2-BD12-4D2DA0FFC1DB}.Debug|x86.Build.0 = Debug|Any CPU
		{AABEA1DF-55E2-40B2-BD12-4D2DA0FFC1DB}.Release|Any CPU.ActiveCfg = Release|Any CPU
		{AABEA1DF-55E2-40B2-BD12-4D2DA0FFC1DB}.Release|Any CPU.Build.0 = Release|Any CPU
		{AABEA1DF-55E2-40B2-BD12-4D2DA0FFC1DB}.Release|x64.ActiveCfg = Release|Any CPU
		{AABEA1DF-55E2-40B2-BD12-4D2DA0FFC1DB}.Release|x64.Build.0 = Release|Any CPU
		{AABEA1DF-55E2-40B2-BD12-4D2DA0FFC1DB}.Release|x86.ActiveCfg = Release|Any CPU
		{AABEA1DF-55E2-40B2-BD12-4D2DA0FFC1DB}.Release|x86.Build.0 = Release|Any CPU
	EndGlobalSection
	GlobalSection(NestedProjects) = preSolution
		{3F975733-213B-40E6-B764-E87713AE4AC6} = {328FDB1B-0364-477F-9B8A-ADBC1E53C465}
		{9AE6AE45-F7DA-4B22-8682-1CCA24D6EA3A} = {328FDB1B-0364-477F-9B8A-ADBC1E53C465}
		{D10F5301-F83C-4287-B90F-E6553267ABDE} = {328FDB1B-0364-477F-9B8A-ADBC1E53C465}
		{A86E6867-9808-4D79-9BC6-C43926386061} = {328FDB1B-0364-477F-9B8A-ADBC1E53C465}
		{AABEA1DF-55E2-40B2-BD12-4D2DA0FFC1DB} = {328FDB1B-0364-477F-9B8A-ADBC1E53C465}
	EndGlobalSection
EndGlobal
